
Microsoft Visual Studio Solution File, Format Version 12.00
# Visual Studio Version 16
VisualStudioVersion = 16.0.32630.194
MinimumVisualStudioVersion = 10.0.40219.1
Project("{9A19103F-16F7-4668-BE54-9A1E7A4F7556}") = "CMA.SAU.AzureFunctions", "CMA.SAU.AzureFunctions\CMA.SAU.AzureFunctions.csproj", "{D37EC848-081F-44AF-8930-1CDE421092E3}"
EndProject
Global
	GlobalSection(SolutionConfigurationPlatforms) = preSolution
		Debug|Any CPU = Debug|Any CPU
		Release|Any CPU = Release|Any CPU
	EndGlobalSection
	GlobalSection(ProjectConfigurationPlatforms) = postSolution
		{D37EC848-081F-44AF-8930-1CDE421092E3}.Debug|Any CPU.ActiveCfg = Debug|Any CPU
		{D37EC848-081F-44AF-8930-1CDE421092E3}.Debug|Any CPU.Build.0 = Debug|Any CPU
		{D37EC848-081F-44AF-8930-1CDE421092E3}.Release|Any CPU.ActiveCfg = Release|Any CPU
		{D37EC848-081F-44AF-8930-1CDE421092E3}.Release|Any CPU.Build.0 = Release|Any CPU
	EndGlobalSection
	GlobalSection(SolutionProperties) = preSolution
		HideSolutionNode = FALSE
	EndGlobalSection
	GlobalSection(ExtensibilityGlobals) = postSolution
		SolutionGuid = {34EBB383-1438-41A0-8F29-06BDB8C33D93}
	EndGlobalSection
EndGlobal
